// !$*UTF8*$!
{
	archiveVersion = 1;
	classes = {
	};
	objectVersion = 56;
	objects = {

/* Begin PBXBuildFile section */
		937EBCC42AD9C90100ABA6F0 /* NesineTestApp.swift in Sources */ = {isa = PBXBuildFile; fileRef = 937EBCC32AD9C90100ABA6F0 /* NesineTestApp.swift */; };
		937EBCC62AD9C90100ABA6F0 /* ContentView.swift in Sources */ = {isa = PBXBuildFile; fileRef = 937EBCC52AD9C90100ABA6F0 /* ContentView.swift */; };
		937EBCC82AD9C90300ABA6F0 /* Assets.xcassets in Resources */ = {isa = PBXBuildFile; fileRef = 937EBCC72AD9C90300ABA6F0 /* Assets.xcassets */; };
		937EBCCB2AD9C90300ABA6F0 /* Preview Assets.xcassets in Resources */ = {isa = PBXBuildFile; fileRef = 937EBCCA2AD9C90300ABA6F0 /* Preview Assets.xcassets */; };
		937EBCD22AD9C92100ABA6F0 /* Match.swift in Sources */ = {isa = PBXBuildFile; fileRef = 937EBCD12AD9C92100ABA6F0 /* Match.swift */; };
		937EBCD42AD9C94F00ABA6F0 /* MatchViewModel.swift in Sources */ = {isa = PBXBuildFile; fileRef = 937EBCD32AD9C94F00ABA6F0 /* MatchViewModel.swift */; };
		937EBCD62AD9C95F00ABA6F0 /* CellView.swift in Sources */ = {isa = PBXBuildFile; fileRef = 937EBCD52AD9C95F00ABA6F0 /* CellView.swift */; };
		937EBCD82AD9C99300ABA6F0 /* SectionView.swift in Sources */ = {isa = PBXBuildFile; fileRef = 937EBCD72AD9C99300ABA6F0 /* SectionView.swift */; };
		937EBCDA2AD9CA7700ABA6F0 /* NetworkManager.swift in Sources */ = {isa = PBXBuildFile; fileRef = 937EBCD92AD9CA7700ABA6F0 /* NetworkManager.swift */; };
		937EBCDC2AD9CAD800ABA6F0 /* Endpoint.swift in Sources */ = {isa = PBXBuildFile; fileRef = 937EBCDB2AD9CAD800ABA6F0 /* Endpoint.swift */; };
/* End PBXBuildFile section */

/* Begin PBXFileReference section */
		937EBCC02AD9C90100ABA6F0 /* NesineTest.app */ = {isa = PBXFileReference; explicitFileType = wrapper.application; includeInIndex = 0; path = NesineTest.app; sourceTree = BUILT_PRODUCTS_DIR; };
		937EBCC32AD9C90100ABA6F0 /* NesineTestApp.swift */ = {isa = PBXFileReference; lastKnownFileType = sourcecode.swift; path = NesineTestApp.swift; sourceTree = "<group>"; };
		937EBCC52AD9C90100ABA6F0 /* ContentView.swift */ = {isa = PBXFileReference; lastKnownFileType = sourcecode.swift; path = ContentView.swift; sourceTree = "<group>"; };
		937EBCC72AD9C90300ABA6F0 /* Assets.xcassets */ = {isa = PBXFileReference; lastKnownFileType = folder.assetcatalog; path = Assets.xcassets; sourceTree = "<group>"; };
		937EBCCA2AD9C90300ABA6F0 /* Preview Assets.xcassets */ = {isa = PBXFileReference; lastKnownFileType = folder.assetcatalog; path = "Preview Assets.xcassets"; sourceTree = "<group>"; };
		937EBCD12AD9C92100ABA6F0 /* Match.swift */ = {isa = PBXFileReference; lastKnownFileType = sourcecode.swift; path = Match.swift; sourceTree = "<group>"; };
		937EBCD32AD9C94F00ABA6F0 /* MatchViewModel.swift */ = {isa = PBXFileReference; lastKnownFileType = sourcecode.swift; path = MatchViewModel.swift; sourceTree = "<group>"; };
		937EBCD52AD9C95F00ABA6F0 /* CellView.swift */ = {isa = PBXFileReference; lastKnownFileType = sourcecode.swift; path = CellView.swift; sourceTree = "<group>"; };
		937EBCD72AD9C99300ABA6F0 /* SectionView.swift */ = {isa = PBXFileReference; lastKnownFileType = sourcecode.swift; path = SectionView.swift; sourceTree = "<group>"; };
		937EBCD92AD9CA7700ABA6F0 /* NetworkManager.swift */ = {isa = PBXFileReference; lastKnownFileType = sourcecode.swift; path = NetworkManager.swift; sourceTree = "<group>"; };
		937EBCDB2AD9CAD800ABA6F0 /* Endpoint.swift */ = {isa = PBXFileReference; lastKnownFileType = sourcecode.swift; path = Endpoint.swift; sourceTree = "<group>"; };
/* End PBXFileReference section */

/* Begin PBXFrameworksBuildPhase section */
		937EBCBD2AD9C90100ABA6F0 /* Frameworks */ = {
			isa = PBXFrameworksBuildPhase;
			buildActionMask = 2147483647;
			files = (
			);
			runOnlyForDeploymentPostprocessing = 0;
		};
/* End PBXFrameworksBuildPhase section */

/* Begin PBXGroup section */
		937EBCB72AD9C90100ABA6F0 = {
			isa = PBXGroup;
			children = (
				937EBCC22AD9C90100ABA6F0 /* NesineTest */,
				937EBCC12AD9C90100ABA6F0 /* Products */,
			);
			sourceTree = "<group>";
		};
		937EBCC12AD9C90100ABA6F0 /* Products */ = {
			isa = PBXGroup;
			children = (
				937EBCC02AD9C90100ABA6F0 /* NesineTest.app */,
			);
			name = Products;
			sourceTree = "<group>";
		};
		937EBCC22AD9C90100ABA6F0 /* NesineTest */ = {
			isa = PBXGroup;
			children = (
				937EBCC32AD9C90100ABA6F0 /* NesineTestApp.swift */,
				937EBCE02AD9CB5200ABA6F0 /* Model */,
				937EBCDE2AD9CB0300ABA6F0 /* ViewModel */,
				937EBCDF2AD9CB1400ABA6F0 /* View */,
				937EBCDD2AD9CAE100ABA6F0 /* Servise */,
				937EBCC72AD9C90300ABA6F0 /* Assets.xcassets */,
				937EBCC92AD9C90300ABA6F0 /* Preview Content */,
			);
			path = NesineTest;
			sourceTree = "<group>";
		};
		937EBCC92AD9C90300ABA6F0 /* Preview Content */ = {
			isa = PBXGroup;
			children = (
				937EBCCA2AD9C90300ABA6F0 /* Preview Assets.xcassets */,
			);
			path = "Preview Content";
			sourceTree = "<group>";
		};
		937EBCDD2AD9CAE100ABA6F0 /* Servise */ = {
			isa = PBXGroup;
			children = (
				937EBCD92AD9CA7700ABA6F0 /* NetworkManager.swift */,
				937EBCDB2AD9CAD800ABA6F0 /* Endpoint.swift */,
			);
			path = Servise;
			sourceTree = "<group>";
		};
		937EBCDE2AD9CB0300ABA6F0 /* ViewModel */ = {
			isa = PBXGroup;
			children = (
				937EBCD32AD9C94F00ABA6F0 /* MatchViewModel.swift */,
			);
			path = ViewModel;
			sourceTree = "<group>";
		};
		937EBCDF2AD9CB1400ABA6F0 /* View */ = {
			isa = PBXGroup;
			children = (
				937EBCD52AD9C95F00ABA6F0 /* CellView.swift */,
				937EBCC52AD9C90100ABA6F0 /* ContentView.swift */,
				937EBCD72AD9C99300ABA6F0 /* SectionView.swift */,
			);
			path = View;
			sourceTree = "<group>";
		};
		937EBCE02AD9CB5200ABA6F0 /* Model */ = {
			isa = PBXGroup;
			children = (
				937EBCD12AD9C92100ABA6F0 /* Match.swift */,
			);
			path = Model;
			sourceTree = "<group>";
		};
/* End PBXGroup section */

/* Begin PBXNativeTarget section */
		937EBCBF2AD9C90100ABA6F0 /* NesineTest */ = {
			isa = PBXNativeTarget;
			buildConfigurationList = 937EBCCE2AD9C90300ABA6F0 /* Build configuration list for PBXNativeTarget "NesineTest" */;
			buildPhases = (
				937EBCBC2AD9C90100ABA6F0 /* Sources */,
				937EBCBD2AD9C90100ABA6F0 /* Frameworks */,
				937EBCBE2AD9C90100ABA6F0 /* Resources */,
			);
			buildRules = (
			);
			dependencies = (
			);
			name = NesineTest;
			productName = NesineTest;
			productReference = 937EBCC02AD9C90100ABA6F0 /* NesineTest.app */;
			productType = "com.apple.product-type.application";
		};
/* End PBXNativeTarget section */

/* Begin PBXProject section */
		937EBCB82AD9C90100ABA6F0 /* Project object */ = {
			isa = PBXProject;
			attributes = {
				BuildIndependentTargetsInParallel = 1;
				LastSwiftUpdateCheck = 1430;
				LastUpgradeCheck = 1430;
				TargetAttributes = {
					937EBCBF2AD9C90100ABA6F0 = {
						CreatedOnToolsVersion = 14.3;
					};
				};
			};
			buildConfigurationList = 937EBCBB2AD9C90100ABA6F0 /* Build configuration list for PBXProject "NesineTest" */;
			compatibilityVersion = "Xcode 14.0";
			developmentRegion = en;
			hasScannedForEncodings = 0;
			knownRegions = (
				en,
				Base,
			);
			mainGroup = 937EBCB72AD9C90100ABA6F0;
			productRefGroup = 937EBCC12AD9C90100ABA6F0 /* Products */;
			projectDirPath = "";
			projectRoot = "";
			targets = (
				937EBCBF2AD9C90100ABA6F0 /* NesineTest */,
			);
		};
/* End PBXProject section */

/* Begin PBXResourcesBuildPhase section */
		937EBCBE2AD9C90100ABA6F0 /* Resources */ = {
			isa = PBXResourcesBuildPhase;
			buildActionMask = 2147483647;
			files = (
				937EBCCB2AD9C90300ABA6F0 /* Preview Assets.xcassets in Resources */,
				937EBCC82AD9C90300ABA6F0 /* Assets.xcassets in Resources */,
			);
			runOnlyForDeploymentPostprocessing = 0;
		};
/* End PBXResourcesBuildPhase section */

/* Begin PBXSourcesBuildPhase section */
		937EBCBC2AD9C90100ABA6F0 /* Sources */ = {
			isa = PBXSourcesBuildPhase;
			buildActionMask = 2147483647;
			files = (
				937EBCD42AD9C94F00ABA6F0 /* MatchViewModel.swift in Sources */,
				937EBCD62AD9C95F00ABA6F0 /* CellView.swift in Sources */,
				937EBCDC2AD9CAD800ABA6F0 /* Endpoint.swift in Sources */,
				937EBCD82AD9C99300ABA6F0 /* SectionView.swift in Sources */,
				937EBCDA2AD9CA7700ABA6F0 /* NetworkManager.swift in Sources */,
				937EBCC62AD9C90100ABA6F0 /* ContentView.swift in Sources */,
				937EBCC42AD9C90100ABA6F0 /* NesineTestApp.swift in Sources */,
				937EBCD22AD9C92100ABA6F0 /* Match.swift in Sources */,
			);
			runOnlyForDeploymentPostprocessing = 0;
		};
/* End PBXSourcesBuildPhase section */

/* Begin XCBuildConfiguration section */
		937EBCCC2AD9C90300ABA6F0 /* Debug */ = {
			isa = XCBuildConfiguration;
			buildSettings = {
				ALWAYS_SEARCH_USER_PATHS = NO;
				CLANG_ANALYZER_NONNULL = YES;
				CLANG_ANALYZER_NUMBER_OBJECT_CONVERSION = YES_AGGRESSIVE;
				CLANG_CXX_LANGUAGE_STANDARD = "gnu++20";
				CLANG_ENABLE_MODULES = YES;
				CLANG_ENABLE_OBJC_ARC = YES;
				CLANG_ENABLE_OBJC_WEAK = YES;
				CLANG_WARN_BLOCK_CAPTURE_AUTORELEASING = YES;
				CLANG_WARN_BOOL_CONVERSION = YES;
				CLANG_WARN_COMMA = YES;
				CLANG_WARN_CONSTANT_CONVERSION = YES;
				CLANG_WARN_DEPRECATED_OBJC_IMPLEMENTATIONS = YES;
				CLANG_WARN_DIRECT_OBJC_ISA_USAGE = YES_ERROR;
				CLANG_WARN_DOCUMENTATION_COMMENTS = YES;
				CLANG_WARN_EMPTY_BODY = YES;
				CLANG_WARN_ENUM_CONVERSION = YES;
				CLANG_WARN_INFINITE_RECURSION = YES;
				CLANG_WARN_INT_CONVERSION = YES;
				CLANG_WARN_NON_LITERAL_NULL_CONVERSION = YES;
				CLANG_WARN_OBJC_IMPLICIT_RETAIN_SELF = YES;
				CLANG_WARN_OBJC_LITERAL_CONVERSION = YES;
				CLANG_WARN_OBJC_ROOT_CLASS = YES_ERROR;
				CLANG_WARN_QUOTED_INCLUDE_IN_FRAMEWORK_HEADER = YES;
				CLANG_WARN_RANGE_LOOP_ANALYSIS = YES;
				CLANG_WARN_STRICT_PROTOTYPES = YES;
				CLANG_WARN_SUSPICIOUS_MOVE = YES;
				CLANG_WARN_UNGUARDED_AVAILABILITY = YES_AGGRESSIVE;
				CLANG_WARN_UNREACHABLE_CODE = YES;
				CLANG_WARN__DUPLICATE_METHOD_MATCH = YES;
				COPY_PHASE_STRIP = NO;
				DEBUG_INFORMATION_FORMAT = dwarf;
				ENABLE_STRICT_OBJC_MSGSEND = YES;
				ENABLE_TESTABILITY = YES;
				GCC_C_LANGUAGE_STANDARD = gnu11;
				GCC_DYNAMIC_NO_PIC = NO;
				GCC_NO_COMMON_BLOCKS = YES;
				GCC_OPTIMIZATION_LEVEL = 0;
				GCC_PREPROCESSOR_DEFINITIONS = (
					"DEBUG=1",
					"$(inherited)",
				);
				GCC_WARN_64_TO_32_BIT_CONVERSION = YES;
				GCC_WARN_ABOUT_RETURN_TYPE = YES_ERROR;
				GCC_WARN_UNDECLARED_SELECTOR = YES;
				GCC_WARN_UNINITIALIZED_AUTOS = YES_AGGRESSIVE;
				GCC_WARN_UNUSED_FUNCTION = YES;
				GCC_WARN_UNUSED_VARIABLE = YES;
				IPHONEOS_DEPLOYMENT_TARGET = 16.4;
				MTL_ENABLE_DEBUG_INFO = INCLUDE_SOURCE;
				MTL_FAST_MATH = YES;
				ONLY_ACTIVE_ARCH = YES;
				SDKROOT = iphoneos;
				SWIFT_ACTIVE_COMPILATION_CONDITIONS = DEBUG;
				SWIFT_OPTIMIZATION_LEVEL = "-Onone";
			};
			name = Debug;
		};
		937EBCCD2AD9C90300ABA6F0 /* Release */ = {
			isa = XCBuildConfiguration;
			buildSettings = {
				ALWAYS_SEARCH_USER_PATHS = NO;
				CLANG_ANALYZER_NONNULL = YES;
				CLANG_ANALYZER_NUMBER_OBJECT_CONVERSION = YES_AGGRESSIVE;
				CLANG_CXX_LANGUAGE_STANDARD = "gnu++20";
				CLANG_ENABLE_MODULES = YES;
				CLANG_ENABLE_OBJC_ARC = YES;
				CLANG_ENABLE_OBJC_WEAK = YES;
				CLANG_WARN_BLOCK_CAPTURE_AUTORELEASING = YES;
				CLANG_WARN_BOOL_CONVERSION = YES;
				CLANG_WARN_COMMA = YES;
				CLANG_WARN_CONSTANT_CONVERSION = YES;
				CLANG_WARN_DEPRECATED_OBJC_IMPLEMENTATIONS = YES;
				CLANG_WARN_DIRECT_OBJC_ISA_USAGE = YES_ERROR;
				CLANG_WARN_DOCUMENTATION_COMMENTS = YES;
				CLANG_WARN_EMPTY_BODY = YES;
				CLANG_WARN_ENUM_CONVERSION = YES;
				CLANG_WARN_INFINITE_RECURSION = YES;
				CLANG_WARN_INT_CONVERSION = YES;
				CLANG_WARN_NON_LITERAL_NULL_CONVERSION = YES;
				CLANG_WARN_OBJC_IMPLICIT_RETAIN_SELF = YES;
				CLANG_WARN_OBJC_LITERAL_CONVERSION = YES;
				CLANG_WARN_OBJC_ROOT_CLASS = YES_ERROR;
				CLANG_WARN_QUOTED_INCLUDE_IN_FRAMEWORK_HEADER = YES;
				CLANG_WARN_RANGE_LOOP_ANALYSIS = YES;
				CLANG_WARN_STRICT_PROTOTYPES = YES;
				CLANG_WARN_SUSPICIOUS_MOVE = YES;
				CLANG_WARN_UNGUARDED_AVAILABILITY = YES_AGGRESSIVE;
				CLANG_WARN_UNREACHABLE_CODE = YES;
				CLANG_WARN__DUPLICATE_METHOD_MATCH = YES;
				COPY_PHASE_STRIP = NO;
				DEBUG_INFORMATION_FORMAT = "dwarf-with-dsym";
				ENABLE_NS_ASSERTIONS = NO;
				ENABLE_STRICT_OBJC_MSGSEND = YES;
				GCC_C_LANGUAGE_STANDARD = gnu11;
				GCC_NO_COMMON_BLOCKS = YES;
				GCC_WARN_64_TO_32_BIT_CONVERSION = YES;
				GCC_WARN_ABOUT_RETURN_TYPE = YES_ERROR;
				GCC_WARN_UNDECLARED_SELECTOR = YES;
				GCC_WARN_UNINITIALIZED_AUTOS = YES_AGGRESSIVE;
				GCC_WARN_UNUSED_FUNCTION = YES;
				GCC_WARN_UNUSED_VARIABLE = YES;
				IPHONEOS_DEPLOYMENT_TARGET = 16.4;
				MTL_ENABLE_DEBUG_INFO = NO;
				MTL_FAST_MATH = YES;
				SDKROOT = iphoneos;
				SWIFT_COMPILATION_MODE = wholemodule;
				SWIFT_OPTIMIZATION_LEVEL = "-O";
				VALIDATE_PRODUCT = YES;
			};
			name = Release;
		};
		937EBCCF2AD9C90300ABA6F0 /* Debug */ = {
			isa = XCBuildConfiguration;
			buildSettings = {
				ASSETCATALOG_COMPILER_APPICON_NAME = AppIcon;
				ASSETCATALOG_COMPILER_GLOBAL_ACCENT_COLOR_NAME = AccentColor;
				CODE_SIGN_STYLE = Automatic;
				CURRENT_PROJECT_VERSION = 1;
				DEVELOPMENT_ASSET_PATHS = "\"NesineTest/Preview Content\"";
				DEVELOPMENT_TEAM = 7PMP3UQ276;
				ENABLE_PREVIEWS = YES;
				GENERATE_INFOPLIST_FILE = YES;
				INFOPLIST_KEY_UIApplicationSceneManifest_Generation = YES;
				INFOPLIST_KEY_UIApplicationSupportsIndirectInputEvents = YES;
				INFOPLIST_KEY_UILaunchScreen_Generation = YES;
				INFOPLIST_KEY_UISupportedInterfaceOrientations_iPad = "UIInterfaceOrientationPortrait UIInterfaceOrientationPortraitUpsideDown UIInterfaceOrientationLandscapeLeft UIInterfaceOrientationLandscapeRight";
				INFOPLIST_KEY_UISupportedInterfaceOrientations_iPhone = "UIInterfaceOrientationPortrait UIInterfaceOrientationLandscapeLeft UIInterfaceOrientationLandscapeRight";
				LD_RUNPATH_SEARCH_PATHS = (
					"$(inherited)",
					"@executable_path/Frameworks",
				);
				MARKETING_VERSION = 1.0;
				PRODUCT_BUNDLE_IDENTIFIER = ru.swiftbook.NesineTest;
				PRODUCT_NAME = "$(TARGET_NAME)";
				SWIFT_EMIT_LOC_STRINGS = YES;
				SWIFT_VERSION = 5.0;
				TARGETED_DEVICE_FAMILY = "1,2";
			};
			name = Debug;
		};
		937EBCD02AD9C90300ABA6F0 /* Release */ = {
			isa = XCBuildConfiguration;
			buildSettings = {
				ASSETCATALOG_COMPILER_APPICON_NAME = AppIcon;
				ASSETCATALOG_COMPILER_GLOBAL_ACCENT_COLOR_NAME = AccentColor;
				CODE_SIGN_STYLE = Automatic;
				CURRENT_PROJECT_VERSION = 1;
				DEVELOPMENT_ASSET_PATHS = "\"NesineTest/Preview Content\"";
				DEVELOPMENT_TEAM = 7PMP3UQ276;
				ENABLE_PREVIEWS = YES;
				GENERATE_INFOPLIST_FILE = YES;
				INFOPLIST_KEY_UIApplicationSceneManifest_Generation = YES;
				INFOPLIST_KEY_UIApplicationSupportsIndirectInputEvents = YES;
				INFOPLIST_KEY_UILaunchScreen_Generation = YES;
				INFOPLIST_KEY_UISupportedInterfaceOrientations_iPad = "UIInterfaceOrientationPortrait UIInterfaceOrientationPortraitUpsideDown UIInterfaceOrientationLandscapeLeft UIInterfaceOrientationLandscapeRight";
				INFOPLIST_KEY_UISupportedInterfaceOrientations_iPhone = "UIInterfaceOrientationPortrait UIInterfaceOrientationLandscapeLeft UIInterfaceOrientationLandscapeRight";
				LD_RUNPATH_SEARCH_PATHS = (
					"$(inherited)",
					"@executable_path/Frameworks",
				);
				MARKETING_VERSION = 1.0;
				PRODUCT_BUNDLE_IDENTIFIER = ru.swiftbook.NesineTest;
				PRODUCT_NAME = "$(TARGET_NAME)";
				SWIFT_EMIT_LOC_STRINGS = YES;
				SWIFT_VERSION = 5.0;
				TARGETED_DEVICE_FAMILY = "1,2";
			};
			name = Release;
		};
/* End XCBuildConfiguration section */

/* Begin XCConfigurationList section */
		937EBCBB2AD9C90100ABA6F0 /* Build configuration list for PBXProject "NesineTest" */ = {
			isa = XCConfigurationList;
			buildConfigurations = (
				937EBCCC2AD9C90300ABA6F0 /* Debug */,
				937EBCCD2AD9C90300ABA6F0 /* Release */,
			);
			defaultConfigurationIsVisible = 0;
			defaultConfigurationName = Release;
		};
		937EBCCE2AD9C90300ABA6F0 /* Build configuration list for PBXNativeTarget "NesineTest" */ = {
			isa = XCConfigurationList;
			buildConfigurations = (
				937EBCCF2AD9C90300ABA6F0 /* Debug */,
				937EBCD02AD9C90300ABA6F0 /* Release */,
			);
			defaultConfigurationIsVisible = 0;
			defaultConfigurationName = Release;
		};
/* End XCConfigurationList section */
	};
	rootObject = 937EBCB82AD9C90100ABA6F0 /* Project object */;
}
